<?xml version="1.0" encoding="utf-8"?>
<Project ToolsVersion="4.0" xmlns="http://schemas.microsoft.com/developer/msbuild/2003">
  <ItemGroup>
    <Filter Include="Source Files">
      <UniqueIdentifier>{4FC737F1-C7A5-4376-A066-2A32D752A2FF}</UniqueIdentifier>
      <Extensions>cpp;c;cc;cxx;def;odl;idl;hpj;bat;asm;asmx</Extensions>
    </Filter>
    <Filter Include="Header Files">
      <UniqueIdentifier>{93995380-89BD-4b04-88EB-625FBE52EBFB}</UniqueIdentifier>
      <Extensions>h;hh;hpp;hxx;hm;inl;inc;ipp;xsd</Extensions>
    </Filter>
    <Filter Include="Resource Files">
      <UniqueIdentifier>{67DA6AB6-F800-4c08-8B7A-83BB121AAD01}</UniqueIdentifier>
      <Extensions>rc;ico;cur;bmp;dlg;rc2;rct;bin;rgs;gif;jpg;jpeg;jpe;resx;tiff;tif;png;wav;mfcribbon-ms</Extensions>
    </Filter>
  </ItemGroup>
  <ItemGroup>
    <ClCompile Include="Project1.cpp">
      <Filter>Source Files</Filter>
    </ClCompile>
    <ClCompile Include="user_data.cpp">
      <Filter>Source Files</Filter>
    </ClCompile>
    <ClCompile Include="Reading_dataFile.cpp">
      <Filter>Source Files</Filter>
    </ClCompile>
    <ClCompile Include="trainingset.cpp">
      <Filter>Source Files</Filter>
    </ClCompile>
    <ClCompile Include="Write_to_csv.cpp">
      <Filter>Source Files</Filter>
    </ClCompile>
    <ClCompile Include="non_dimensionalize.cpp">
      <Filter>Source Files</Filter>
    </ClCompile>
    <ClCompile Include="csvDataFileReading.cpp">
      <Filter>Source Files</Filter>
    </ClCompile>
    <ClCompile Include="dimensional_reduction.cpp">
      <Filter>Source Files</Filter>
    </ClCompile>
    <ClCompile Include="clustering.cpp">
      <Filter>Source Files</Filter>
    </ClCompile>
    <ClCompile Include="Implement_OU1_file.cpp">
      <Filter>Source Files</Filter>
    </ClCompile>
    <ClCompile Include="implement_cluster.cpp">
      <Filter>Source Files</Filter>
    </ClCompile>
    <ClCompile Include="mathematics.cpp">
      <Filter>Source Files</Filter>
    </ClCompile>
  </ItemGroup>
  <ItemGroup>
    <ClInclude Include="user_data.h">
      <Filter>Header Files</Filter>
    </ClInclude>
    <ClInclude Include="Reading_dataFile.h">
      <Filter>Header Files</Filter>
    </ClInclude>
    <ClInclude Include="trainingset.h">
      <Filter>Header Files</Filter>
    </ClInclude>
    <ClInclude Include="Write_to_csv.h">
      <Filter>Header Files</Filter>
    </ClInclude>
    <ClInclude Include="non_dimensionalize.h">
      <Filter>Header Files</Filter>
    </ClInclude>
    <ClInclude Include="csvDataFileReading.h">
      <Filter>Header Files</Filter>
    </ClInclude>
    <ClInclude Include="dimensional_reduction.h">
      <Filter>Header Files</Filter>
    </ClInclude>
    <ClInclude Include="clustering.h">
      <Filter>Header Files</Filter>
    </ClInclude>
    <ClInclude Include="Implement_OU1_file.h">
      <Filter>Header Files</Filter>
    </ClInclude>
  </ItemGroup>
</Project>